
Microsoft Visual Studio Solution File, Format Version 12.00
# Visual Studio 15
VisualStudioVersion = 15.0.28307.136
MinimumVisualStudioVersion = 10.0.40219.1
Project("{FAE04EC0-301F-11D3-BF4B-00C04F79EFBC}") = "FNR.Crawler", "FNR.Crawler\FNR.Crawler.csproj", "{040D755B-BC58-4342-B134-258D0F7F25BF}"
EndProject
Project("{FAE04EC0-301F-11D3-BF4B-00C04F79EFBC}") = "FNR.IPChange", "FNR.IPChange\FNR.IPChange.csproj", "{3EC6CEB9-5757-4D44-AEDF-78FE14314845}"
EndProject
Project("{FAE04EC0-301F-11D3-BF4B-00C04F79EFBC}") = "FNR.Model", "FNR.Model\FNR.Model.csproj", "{CFC2BB45-EAF7-4102-97B6-2838D1941B84}"
EndProject
Project("{FAE04EC0-301F-11D3-BF4B-00C04F79EFBC}") = "FNR.ViewModel", "FNR.ViewModel\FNR.ViewModel.csproj", "{A2141B80-D6B2-4646-82DB-80ADA2284ED9}"
EndProject
Project("{FAE04EC0-301F-11D3-BF4B-00C04F79EFBC}") = "FNR.View", "FNR.View\FNR.View.csproj", "{93DB8E67-F43B-4501-8271-5870BDD894DB}"
EndProject
Global
	GlobalSection(SolutionConfigurationPlatforms) = preSolution
		Debug|Any CPU = Debug|Any CPU
		Release|Any CPU = Release|Any CPU
	EndGlobalSection
	GlobalSection(ProjectConfigurationPlatforms) = postSolution
		{040D755B-BC58-4342-B134-258D0F7F25BF}.Debug|Any CPU.ActiveCfg = Debug|Any CPU
		{040D755B-BC58-4342-B134-258D0F7F25BF}.Debug|Any CPU.Build.0 = Debug|Any CPU
		{040D755B-BC58-4342-B134-258D0F7F25BF}.Release|Any CPU.ActiveCfg = Release|Any CPU
		{040D755B-BC58-4342-B134-258D0F7F25BF}.Release|Any CPU.Build.0 = Release|Any CPU
		{3EC6CEB9-5757-4D44-AEDF-78FE14314845}.Debug|Any CPU.ActiveCfg = Debug|Any CPU
		{3EC6CEB9-5757-4D44-AEDF-78FE14314845}.Debug|Any CPU.Build.0 = Debug|Any CPU
		{3EC6CEB9-5757-4D44-AEDF-78FE14314845}.Release|Any CPU.ActiveCfg = Release|Any CPU
		{3EC6CEB9-5757-4D44-AEDF-78FE14314845}.Release|Any CPU.Build.0 = Release|Any CPU
		{CFC2BB45-EAF7-4102-97B6-2838D1941B84}.Debug|Any CPU.ActiveCfg = Debug|Any CPU
		{CFC2BB45-EAF7-4102-97B6-2838D1941B84}.Debug|Any CPU.Build.0 = Debug|Any CPU
		{CFC2BB45-EAF7-4102-97B6-2838D1941B84}.Release|Any CPU.ActiveCfg = Release|Any CPU
		{CFC2BB45-EAF7-4102-97B6-2838D1941B84}.Release|Any CPU.Build.0 = Release|Any CPU
		{A2141B80-D6B2-4646-82DB-80ADA2284ED9}.Debug|Any CPU.ActiveCfg = Debug|Any CPU
		{A2141B80-D6B2-4646-82DB-80ADA2284ED9}.Debug|Any CPU.Build.0 = Debug|Any CPU
		{A2141B80-D6B2-4646-82DB-80ADA2284ED9}.Release|Any CPU.ActiveCfg = Release|Any CPU
		{A2141B80-D6B2-4646-82DB-80ADA2284ED9}.Release|Any CPU.Build.0 = Release|Any CPU
		{93DB8E67-F43B-4501-8271-5870BDD894DB}.Debug|Any CPU.ActiveCfg = Debug|Any CPU
		{93DB8E67-F43B-4501-8271-5870BDD894DB}.Debug|Any CPU.Build.0 = Debug|Any CPU
		{93DB8E67-F43B-4501-8271-5870BDD894DB}.Release|Any CPU.ActiveCfg = Release|Any CPU
		{93DB8E67-F43B-4501-8271-5870BDD894DB}.Release|Any CPU.Build.0 = Release|Any CPU
	EndGlobalSection
	GlobalSection(SolutionProperties) = preSolution
		HideSolutionNode = FALSE
	EndGlobalSection
	GlobalSection(ExtensibilityGlobals) = postSolution
		SolutionGuid = {A8E25838-4E52-4F3C-9AB8-C0D4877F81FE}
	EndGlobalSection
EndGlobal
